
Microsoft Visual Studio Solution File, Format Version 12.00
# Visual Studio Version 16
VisualStudioVersion = 16.0.31321.278
MinimumVisualStudioVersion = 10.0.40219.1
Project("{9A19103F-16F7-4668-BE54-9A1E7A4F7556}") = "WFNG.UI", "WFNG.UI\WFNG.UI.csproj", "{5E2F52D6-BA26-42A1-A23D-8678F0993390}"
EndProject
Project("{FAE04EC0-301F-11D3-BF4B-00C04F79EFBC}") = "WFNG.Tests", "WFNG.Tests\WFNG.Tests.csproj", "{1413685F-0E5F-4255-8A60-CDB02B43227C}"
EndProject
Global
	GlobalSection(SolutionConfigurationPlatforms) = preSolution
		Debug|Any CPU = Debug|Any CPU
		Release|Any CPU = Release|Any CPU
	EndGlobalSection
	GlobalSection(ProjectConfigurationPlatforms) = postSolution
		{5E2F52D6-BA26-42A1-A23D-8678F0993390}.Debug|Any CPU.ActiveCfg = Debug|Any CPU
		{5E2F52D6-BA26-42A1-A23D-8678F0993390}.Debug|Any CPU.Build.0 = Debug|Any CPU
		{5E2F52D6-BA26-42A1-A23D-8678F0993390}.Release|Any CPU.ActiveCfg = Release|Any CPU
		{5E2F52D6-BA26-42A1-A23D-8678F0993390}.Release|Any CPU.Build.0 = Release|Any CPU
		{1413685F-0E5F-4255-8A60-CDB02B43227C}.Debug|Any CPU.ActiveCfg = Debug|Any CPU
		{1413685F-0E5F-4255-8A60-CDB02B43227C}.Debug|Any CPU.Build.0 = Debug|Any CPU
		{1413685F-0E5F-4255-8A60-CDB02B43227C}.Release|Any CPU.ActiveCfg = Release|Any CPU
		{1413685F-0E5F-4255-8A60-CDB02B43227C}.Release|Any CPU.Build.0 = Release|Any CPU
	EndGlobalSection
	GlobalSection(SolutionProperties) = preSolution
		HideSolutionNode = FALSE
	EndGlobalSection
	GlobalSection(ExtensibilityGlobals) = postSolution
		SolutionGuid = {A4A64312-25B9-442B-B415-F36466FD3327}
	EndGlobalSection
EndGlobal
